
Microsoft Visual Studio Solution File, Format Version 12.00
# Visual Studio Version 17
VisualStudioVersion = 17.9.34902.65
MinimumVisualStudioVersion = 10.0.40219.1
Project("{FAE04EC0-301F-11D3-BF4B-00C04F79EFBC}") = "AutomobileLibrary", "AutomobileLibrary\AutomobileLibrary.csproj", "{CE2DD1BE-A6E0-4BE6-8215-97CFD155E162}"
EndProject
Project("{FAE04EC0-301F-11D3-BF4B-00C04F79EFBC}") = "AutomobileWinApp", "AutomobileWinApp\AutomobileWinApp.csproj", "{CEA04965-19F3-4CA9-BD23-C9CB88FEB051}"
EndProject
Global
	GlobalSection(SolutionConfigurationPlatforms) = preSolution
		Debug|Any CPU = Debug|Any CPU
		Release|Any CPU = Release|Any CPU
	EndGlobalSection
	GlobalSection(ProjectConfigurationPlatforms) = postSolution
		{CE2DD1BE-A6E0-4BE6-8215-97CFD155E162}.Debug|Any CPU.ActiveCfg = Debug|Any CPU
		{CE2DD1BE-A6E0-4BE6-8215-97CFD155E162}.Debug|Any CPU.Build.0 = Debug|Any CPU
		{CE2DD1BE-A6E0-4BE6-8215-97CFD155E162}.Release|Any CPU.ActiveCfg = Release|Any CPU
		{CE2DD1BE-A6E0-4BE6-8215-97CFD155E162}.Release|Any CPU.Build.0 = Release|Any CPU
		{CEA04965-19F3-4CA9-BD23-C9CB88FEB051}.Debug|Any CPU.ActiveCfg = Debug|Any CPU
		{CEA04965-19F3-4CA9-BD23-C9CB88FEB051}.Debug|Any CPU.Build.0 = Debug|Any CPU
		{CEA04965-19F3-4CA9-BD23-C9CB88FEB051}.Release|Any CPU.ActiveCfg = Release|Any CPU
		{CEA04965-19F3-4CA9-BD23-C9CB88FEB051}.Release|Any CPU.Build.0 = Release|Any CPU
	EndGlobalSection
	GlobalSection(SolutionProperties) = preSolution
		HideSolutionNode = FALSE
	EndGlobalSection
	GlobalSection(ExtensibilityGlobals) = postSolution
		SolutionGuid = {DA1BBEAC-3925-4DBC-B76F-58075464D325}
	EndGlobalSection
EndGlobal
